// !$*UTF8*$!
{
	archiveVersion = 1;
	classes = {
	};
	objectVersion = 46;
	objects = {

/* Begin PBXBuildFile section */
		E7DB01C01CAE0962004A639B /* AppDelegate.swift in Sources */ = {isa = PBXBuildFile; fileRef = E7DB01BF1CAE0962004A639B /* AppDelegate.swift */; };
		E7DB01C21CAE0962004A639B /* ViewController.swift in Sources */ = {isa = PBXBuildFile; fileRef = E7DB01C11CAE0962004A639B /* ViewController.swift */; };
		E7DB01C51CAE0962004A639B /* Main.storyboard in Resources */ = {isa = PBXBuildFile; fileRef = E7DB01C31CAE0962004A639B /* Main.storyboard */; };
		E7DB01C81CAE0962004A639B /* swift__.xcdatamodeld in Sources */ = {isa = PBXBuildFile; fileRef = E7DB01C61CAE0962004A639B /* swift__.xcdatamodeld */; };
		E7DB01CA1CAE0962004A639B /* Assets.xcassets in Resources */ = {isa = PBXBuildFile; fileRef = E7DB01C91CAE0962004A639B /* Assets.xcassets */; };
		E7DB01CD1CAE0962004A639B /* LaunchScreen.storyboard in Resources */ = {isa = PBXBuildFile; fileRef = E7DB01CB1CAE0962004A639B /* LaunchScreen.storyboard */; };
		E7DB01D81CAE0962004A639B /* swift__Tests.swift in Sources */ = {isa = PBXBuildFile; fileRef = E7DB01D71CAE0962004A639B /* swift__Tests.swift */; };
		E7DB01E31CAE0962004A639B /* swift__UITests.swift in Sources */ = {isa = PBXBuildFile; fileRef = E7DB01E21CAE0962004A639B /* swift__UITests.swift */; };
/* End PBXBuildFile section */

/* Begin PBXContainerItemProxy section */
		E7DB01D41CAE0962004A639B /* PBXContainerItemProxy */ = {
			isa = PBXContainerItemProxy;
			containerPortal = E7DB01B41CAE0962004A639B /* Project object */;
			proxyType = 1;
			remoteGlobalIDString = E7DB01BB1CAE0962004A639B;
			remoteInfo = "swift练手";
		};
		E7DB01DF1CAE0962004A639B /* PBXContainerItemProxy */ = {
			isa = PBXContainerItemProxy;
			containerPortal = E7DB01B41CAE0962004A639B /* Project object */;
			proxyType = 1;
			remoteGlobalIDString = E7DB01BB1CAE0962004A639B;
			remoteInfo = "swift练手";
		};
/* End PBXContainerItemProxy section */

/* Begin PBXFileReference section */
		E7DB01BC1CAE0962004A639B /* swift练手.app */ = {isa = PBXFileReference; explicitFileType = wrapper.application; includeInIndex = 0; path = "swift练手.app"; sourceTree = BUILT_PRODUCTS_DIR; };
		E7DB01BF1CAE0962004A639B /* AppDelegate.swift */ = {isa = PBXFileReference; lastKnownFileType = sourcecode.swift; path = AppDelegate.swift; sourceTree = "<group>"; };
		E7DB01C11CAE0962004A639B /* ViewController.swift */ = {isa = PBXFileReference; lastKnownFileType = sourcecode.swift; path = ViewController.swift; sourceTree = "<group>"; };
		E7DB01C41CAE0962004A639B /* Base */ = {isa = PBXFileReference; lastKnownFileType = file.storyboard; name = Base; path = Base.lproj/Main.storyboard; sourceTree = "<group>"; };
		E7DB01C71CAE0962004A639B /* swift__.xcdatamodel */ = {isa = PBXFileReference; lastKnownFileType = wrapper.xcdatamodel; path = swift__.xcdatamodel; sourceTree = "<group>"; };
		E7DB01C91CAE0962004A639B /* Assets.xcassets */ = {isa = PBXFileReference; lastKnownFileType = folder.assetcatalog; path = Assets.xcassets; sourceTree = "<group>"; };
		E7DB01CC1CAE0962004A639B /* Base */ = {isa = PBXFileReference; lastKnownFileType = file.storyboard; name = Base; path = Base.lproj/LaunchScreen.storyboard; sourceTree = "<group>"; };
		E7DB01CE1CAE0962004A639B /* Info.plist */ = {isa = PBXFileReference; lastKnownFileType = text.plist.xml; path = Info.plist; sourceTree = "<group>"; };
		E7DB01D31CAE0962004A639B /* swift练手Tests.xctest */ = {isa = PBXFileReference; explicitFileType = wrapper.cfbundle; includeInIndex = 0; path = "swift练手Tests.xctest"; sourceTree = BUILT_PRODUCTS_DIR; };
		E7DB01D71CAE0962004A639B /* swift__Tests.swift */ = {isa = PBXFileReference; lastKnownFileType = sourcecode.swift; path = swift__Tests.swift; sourceTree = "<group>"; };
		E7DB01D91CAE0962004A639B /* Info.plist */ = {isa = PBXFileReference; lastKnownFileType = text.plist.xml; path = Info.plist; sourceTree = "<group>"; };
		E7DB01DE1CAE0962004A639B /* swift练手UITests.xctest */ = {isa = PBXFileReference; explicitFileType = wrapper.cfbundle; includeInIndex = 0; path = "swift练手UITests.xctest"; sourceTree = BUILT_PRODUCTS_DIR; };
		E7DB01E21CAE0962004A639B /* swift__UITests.swift */ = {isa = PBXFileReference; lastKnownFileType = sourcecode.swift; path = swift__UITests.swift; sourceTree = "<group>"; };
		E7DB01E41CAE0962004A639B /* Info.plist */ = {isa = PBXFileReference; lastKnownFileType = text.plist.xml; path = Info.plist; sourceTree = "<group>"; };
/* End PBXFileReference section */

/* Begin PBXFrameworksBuildPhase section */
		E7DB01B91CAE0962004A639B /* Frameworks */ = {
			isa = PBXFrameworksBuildPhase;
			buildActionMask = 2147483647;
			files = (
			);
			runOnlyForDeploymentPostprocessing = 0;
		};
		E7DB01D01CAE0962004A639B /* Frameworks */ = {
			isa = PBXFrameworksBuildPhase;
			buildActionMask = 2147483647;
			files = (
			);
			runOnlyForDeploymentPostprocessing = 0;
		};
		E7DB01DB1CAE0962004A639B /* Frameworks */ = {
			isa = PBXFrameworksBuildPhase;
			buildActionMask = 2147483647;
			files = (
			);
			runOnlyForDeploymentPostprocessing = 0;
		};
/* End PBXFrameworksBuildPhase section */

/* Begin PBXGroup section */
		E7DB01B31CAE0962004A639B = {
			isa = PBXGroup;
			children = (
				E7DB01BE1CAE0962004A639B /* swift练手 */,
				E7DB01D61CAE0962004A639B /* swift练手Tests */,
				E7DB01E11CAE0962004A639B /* swift练手UITests */,
				E7DB01BD1CAE0962004A639B /* Products */,
			);
			sourceTree = "<group>";
		};
		E7DB01BD1CAE0962004A639B /* Products */ = {
			isa = PBXGroup;
			children = (
				E7DB01BC1CAE0962004A639B /* swift练手.app */,
				E7DB01D31CAE0962004A639B /* swift练手Tests.xctest */,
				E7DB01DE1CAE0962004A639B /* swift练手UITests.xctest */,
			);
			name = Products;
			sourceTree = "<group>";
		};
		E7DB01BE1CAE0962004A639B /* swift练手 */ = {
			isa = PBXGroup;
			children = (
				E7DB01BF1CAE0962004A639B /* AppDelegate.swift */,
				E7DB01C11CAE0962004A639B /* ViewController.swift */,
				E7DB01C31CAE0962004A639B /* Main.storyboard */,
				E7DB01C91CAE0962004A639B /* Assets.xcassets */,
				E7DB01CB1CAE0962004A639B /* LaunchScreen.storyboard */,
				E7DB01CE1CAE0962004A639B /* Info.plist */,
				E7DB01C61CAE0962004A639B /* swift__.xcdatamodeld */,
			);
			path = "swift练手";
			sourceTree = "<group>";
		};
		E7DB01D61CAE0962004A639B /* swift练手Tests */ = {
			isa = PBXGroup;
			children = (
				E7DB01D71CAE0962004A639B /* swift__Tests.swift */,
				E7DB01D91CAE0962004A639B /* Info.plist */,
			);
			path = "swift练手Tests";
			sourceTree = "<group>";
		};
		E7DB01E11CAE0962004A639B /* swift练手UITests */ = {
			isa = PBXGroup;
			children = (
				E7DB01E21CAE0962004A639B /* swift__UITests.swift */,
				E7DB01E41CAE0962004A639B /* Info.plist */,
			);
			path = "swift练手UITests";
			sourceTree = "<group>";
		};
/* End PBXGroup section */

/* Begin PBXNativeTarget section */
		E7DB01BB1CAE0962004A639B /* swift练手 */ = {
			isa = PBXNativeTarget;
			buildConfigurationList = E7DB01E71CAE0962004A639B /* Build configuration list for PBXNativeTarget "swift练手" */;
			buildPhases = (
				E7DB01B81CAE0962004A639B /* Sources */,
				E7DB01B91CAE0962004A639B /* Frameworks */,
				E7DB01BA1CAE0962004A639B /* Resources */,
			);
			buildRules = (
			);
			dependencies = (
			);
			name = "swift练手";
			productName = "swift练手";
			productReference = E7DB01BC1CAE0962004A639B /* swift练手.app */;
			productType = "com.apple.product-type.application";
		};
		E7DB01D21CAE0962004A639B /* swift练手Tests */ = {
			isa = PBXNativeTarget;
			buildConfigurationList = E7DB01EA1CAE0962004A639B /* Build configuration list for PBXNativeTarget "swift练手Tests" */;
			buildPhases = (
				E7DB01CF1CAE0962004A639B /* Sources */,
				E7DB01D01CAE0962004A639B /* Frameworks */,
				E7DB01D11CAE0962004A639B /* Resources */,
			);
			buildRules = (
			);
			dependencies = (
				E7DB01D51CAE0962004A639B /* PBXTargetDependency */,
			);
			name = "swift练手Tests";
			productName = "swift练手Tests";
			productReference = E7DB01D31CAE0962004A639B /* swift练手Tests.xctest */;
			productType = "com.apple.product-type.bundle.unit-test";
		};
		E7DB01DD1CAE0962004A639B /* swift练手UITests */ = {
			isa = PBXNativeTarget;
			buildConfigurationList = E7DB01ED1CAE0962004A639B /* Build configuration list for PBXNativeTarget "swift练手UITests" */;
			buildPhases = (
				E7DB01DA1CAE0962004A639B /* Sources */,
				E7DB01DB1CAE0962004A639B /* Frameworks */,
				E7DB01DC1CAE0962004A639B /* Resources */,
			);
			buildRules = (
			);
			dependencies = (
				E7DB01E01CAE0962004A639B /* PBXTargetDependency */,
			);
			name = "swift练手UITests";
			productName = "swift练手UITests";
			productReference = E7DB01DE1CAE0962004A639B /* swift练手UITests.xctest */;
			productType = "com.apple.product-type.bundle.ui-testing";
		};
/* End PBXNativeTarget section */

/* Begin PBXProject section */
		E7DB01B41CAE0962004A639B /* Project object */ = {
			isa = PBXProject;
			attributes = {
				LastSwiftUpdateCheck = 0730;
				LastUpgradeCheck = 0730;
				ORGANIZATIONNAME = "Asxce,";
				TargetAttributes = {
					E7DB01BB1CAE0962004A639B = {
						CreatedOnToolsVersion = 7.3;
					};
					E7DB01D21CAE0962004A639B = {
						CreatedOnToolsVersion = 7.3;
						TestTargetID = E7DB01BB1CAE0962004A639B;
					};
					E7DB01DD1CAE0962004A639B = {
						CreatedOnToolsVersion = 7.3;
						TestTargetID = E7DB01BB1CAE0962004A639B;
					};
				};
			};
			buildConfigurationList = E7DB01B71CAE0962004A639B /* Build configuration list for PBXProject "swift练手" */;
			compatibilityVersion = "Xcode 3.2";
			developmentRegion = English;
			hasScannedForEncodings = 0;
			knownRegions = (
				en,
				Base,
			);
			mainGroup = E7DB01B31CAE0962004A639B;
			productRefGroup = E7DB01BD1CAE0962004A639B /* Products */;
			projectDirPath = "";
			projectRoot = "";
			targets = (
				E7DB01BB1CAE0962004A639B /* swift练手 */,
				E7DB01D21CAE0962004A639B /* swift练手Tests */,
				E7DB01DD1CAE0962004A639B /* swift练手UITests */,
			);
		};
/* End PBXProject section */

/* Begin PBXResourcesBuildPhase section */
		E7DB01BA1CAE0962004A639B /* Resources */ = {
			isa = PBXResourcesBuildPhase;
			buildActionMask = 2147483647;
			files = (
				E7DB01CD1CAE0962004A639B /* LaunchScreen.storyboard in Resources */,
				E7DB01CA1CAE0962004A639B /* Assets.xcassets in Resources */,
				E7DB01C51CAE0962004A639B /* Main.storyboard in Resources */,
			);
			runOnlyForDeploymentPostprocessing = 0;
		};
		E7DB01D11CAE0962004A639B /* Resources */ = {
			isa = PBXResourcesBuildPhase;
			buildActionMask = 2147483647;
			files = (
			);
			runOnlyForDeploymentPostprocessing = 0;
		};
		E7DB01DC1CAE0962004A639B /* Resources */ = {
			isa = PBXResourcesBuildPhase;
			buildActionMask = 2147483647;
			files = (
			);
			runOnlyForDeploymentPostprocessing = 0;
		};
/* End PBXResourcesBuildPhase section */

/* Begin PBXSourcesBuildPhase section */
		E7DB01B81CAE0962004A639B /* Sources */ = {
			isa = PBXSourcesBuildPhase;
			buildActionMask = 2147483647;
			files = (
				E7DB01C21CAE0962004A639B /* ViewController.swift in Sources */,
				E7DB01C01CAE0962004A639B /* AppDelegate.swift in Sources */,
				E7DB01C81CAE0962004A639B /* swift__.xcdatamodeld in Sources */,
			);
			runOnlyForDeploymentPostprocessing = 0;
		};
		E7DB01CF1CAE0962004A639B /* Sources */ = {
			isa = PBXSourcesBuildPhase;
			buildActionMask = 2147483647;
			files = (
				E7DB01D81CAE0962004A639B /* swift__Tests.swift in Sources */,
			);
			runOnlyForDeploymentPostprocessing = 0;
		};
		E7DB01DA1CAE0962004A639B /* Sources */ = {
			isa = PBXSourcesBuildPhase;
			buildActionMask = 2147483647;
			files = (
				E7DB01E31CAE0962004A639B /* swift__UITests.swift in Sources */,
			);
			runOnlyForDeploymentPostprocessing = 0;
		};
/* End PBXSourcesBuildPhase section */

/* Begin PBXTargetDependency section */
		E7DB01D51CAE0962004A639B /* PBXTargetDependency */ = {
			isa = PBXTargetDependency;
			target = E7DB01BB1CAE0962004A639B /* swift练手 */;
			targetProxy = E7DB01D41CAE0962004A639B /* PBXContainerItemProxy */;
		};
		E7DB01E01CAE0962004A639B /* PBXTargetDependency */ = {
			isa = PBXTargetDependency;
			target = E7DB01BB1CAE0962004A639B /* swift练手 */;
			targetProxy = E7DB01DF1CAE0962004A639B /* PBXContainerItemProxy */;
		};
/* End PBXTargetDependency section */

/* Begin PBXVariantGroup section */
		E7DB01C31CAE0962004A639B /* Main.storyboard */ = {
			isa = PBXVariantGroup;
			children = (
				E7DB01C41CAE0962004A639B /* Base */,
			);
			name = Main.storyboard;
			sourceTree = "<group>";
		};
		E7DB01CB1CAE0962004A639B /* LaunchScreen.storyboard */ = {
			isa = PBXVariantGroup;
			children = (
				E7DB01CC1CAE0962004A639B /* Base */,
			);
			name = LaunchScreen.storyboard;
			sourceTree = "<group>";
		};
/* End PBXVariantGroup section */

/* Begin XCBuildConfiguration section */
		E7DB01E51CAE0962004A639B /* Debug */ = {
			isa = XCBuildConfiguration;
			buildSettings = {
				ALWAYS_SEARCH_USER_PATHS = NO;
				CLANG_ANALYZER_NONNULL = YES;
				CLANG_CXX_LANGUAGE_STANDARD = "gnu++0x";
				CLANG_CXX_LIBRARY = "libc++";
				CLANG_ENABLE_MODULES = YES;
				CLANG_ENABLE_OBJC_ARC = YES;
				CLANG_WARN_BOOL_CONVERSION = YES;
				CLANG_WARN_CONSTANT_CONVERSION = YES;
				CLANG_WARN_DIRECT_OBJC_ISA_USAGE = YES_ERROR;
				CLANG_WARN_EMPTY_BODY = YES;
				CLANG_WARN_ENUM_CONVERSION = YES;
				CLANG_WARN_INT_CONVERSION = YES;
				CLANG_WARN_OBJC_ROOT_CLASS = YES_ERROR;
				CLANG_WARN_UNREACHABLE_CODE = YES;
				CLANG_WARN__DUPLICATE_METHOD_MATCH = YES;
				"CODE_SIGN_IDENTITY[sdk=iphoneos*]" = "iPhone Developer";
				COPY_PHASE_STRIP = NO;
				DEBUG_INFORMATION_FORMAT = dwarf;
				ENABLE_STRICT_OBJC_MSGSEND = YES;
				ENABLE_TESTABILITY = YES;
				GCC_C_LANGUAGE_STANDARD = gnu99;
				GCC_DYNAMIC_NO_PIC = NO;
				GCC_NO_COMMON_BLOCKS = YES;
				GCC_OPTIMIZATION_LEVEL = 0;
				GCC_PREPROCESSOR_DEFINITIONS = (
					"DEBUG=1",
					"$(inherited)",
				);
				GCC_WARN_64_TO_32_BIT_CONVERSION = YES;
				GCC_WARN_ABOUT_RETURN_TYPE = YES_ERROR;
				GCC_WARN_UNDECLARED_SELECTOR = YES;
				GCC_WARN_UNINITIALIZED_AUTOS = YES_AGGRESSIVE;
				GCC_WARN_UNUSED_FUNCTION = YES;
				GCC_WARN_UNUSED_VARIABLE = YES;
				IPHONEOS_DEPLOYMENT_TARGET = 9.3;
				MTL_ENABLE_DEBUG_INFO = YES;
				ONLY_ACTIVE_ARCH = YES;
				SDKROOT = iphoneos;
				SWIFT_OPTIMIZATION_LEVEL = "-Onone";
			};
			name = Debug;
		};
		E7DB01E61CAE0962004A639B /* Release */ = {
			isa = XCBuildConfiguration;
			buildSettings = {
				ALWAYS_SEARCH_USER_PATHS = NO;
				CLANG_ANALYZER_NONNULL = YES;
				CLANG_CXX_LANGUAGE_STANDARD = "gnu++0x";
				CLANG_CXX_LIBRARY = "libc++";
				CLANG_ENABLE_MODULES = YES;
				CLANG_ENABLE_OBJC_ARC = YES;
				CLANG_WARN_BOOL_CONVERSION = YES;
				CLANG_WARN_CONSTANT_CONVERSION = YES;
				CLANG_WARN_DIRECT_OBJC_ISA_USAGE = YES_ERROR;
				CLANG_WARN_EMPTY_BODY = YES;
				CLANG_WARN_ENUM_CONVERSION = YES;
				CLANG_WARN_INT_CONVERSION = YES;
				CLANG_WARN_OBJC_ROOT_CLASS = YES_ERROR;
				CLANG_WARN_UNREACHABLE_CODE = YES;
				CLANG_WARN__DUPLICATE_METHOD_MATCH = YES;
				"CODE_SIGN_IDENTITY[sdk=iphoneos*]" = "iPhone Developer";
				COPY_PHASE_STRIP = NO;
				DEBUG_INFORMATION_FORMAT = "dwarf-with-dsym";
				ENABLE_NS_ASSERTIONS = NO;
				ENABLE_STRICT_OBJC_MSGSEND = YES;
				GCC_C_LANGUAGE_STANDARD = gnu99;
				GCC_NO_COMMON_BLOCKS = YES;
				GCC_WARN_64_TO_32_BIT_CONVERSION = YES;
				GCC_WARN_ABOUT_RETURN_TYPE = YES_ERROR;
				GCC_WARN_UNDECLARED_SELECTOR = YES;
				GCC_WARN_UNINITIALIZED_AUTOS = YES_AGGRESSIVE;
				GCC_WARN_UNUSED_FUNCTION = YES;
				GCC_WARN_UNUSED_VARIABLE = YES;
				IPHONEOS_DEPLOYMENT_TARGET = 9.3;
				MTL_ENABLE_DEBUG_INFO = NO;
				SDKROOT = iphoneos;
				VALIDATE_PRODUCT = YES;
			};
			name = Release;
		};
		E7DB01E81CAE0962004A639B /* Debug */ = {
			isa = XCBuildConfiguration;
			buildSettings = {
				ASSETCATALOG_COMPILER_APPICON_NAME = AppIcon;
				INFOPLIST_FILE = "swift练手/Info.plist";
				LD_RUNPATH_SEARCH_PATHS = "$(inherited) @executable_path/Frameworks";
				PRODUCT_BUNDLE_IDENTIFIER = "JVR.---.swift--";
				PRODUCT_NAME = "$(TARGET_NAME)";
			};
			name = Debug;
		};
		E7DB01E91CAE0962004A639B /* Release */ = {
			isa = XCBuildConfiguration;
			buildSettings = {
				ASSETCATALOG_COMPILER_APPICON_NAME = AppIcon;
				INFOPLIST_FILE = "swift练手/Info.plist";
				LD_RUNPATH_SEARCH_PATHS = "$(inherited) @executable_path/Frameworks";
				PRODUCT_BUNDLE_IDENTIFIER = "JVR.---.swift--";
				PRODUCT_NAME = "$(TARGET_NAME)";
			};
			name = Release;
		};
		E7DB01EB1CAE0962004A639B /* Debug */ = {
			isa = XCBuildConfiguration;
			buildSettings = {
				BUNDLE_LOADER = "$(TEST_HOST)";
				INFOPLIST_FILE = "swift练手Tests/Info.plist";
				LD_RUNPATH_SEARCH_PATHS = "$(inherited) @executable_path/Frameworks @loader_path/Frameworks";
				PRODUCT_BUNDLE_IDENTIFIER = "JVR.---.swift--Tests";
				PRODUCT_NAME = "$(TARGET_NAME)";
				TEST_HOST = "$(BUILT_PRODUCTS_DIR)/swift练手.app/swift练手";
			};
			name = Debug;
		};
		E7DB01EC1CAE0962004A639B /* Release */ = {
			isa = XCBuildConfiguration;
			buildSettings = {
				BUNDLE_LOADER = "$(TEST_HOST)";
				INFOPLIST_FILE = "swift练手Tests/Info.plist";
				LD_RUNPATH_SEARCH_PATHS = "$(inherited) @executable_path/Frameworks @loader_path/Frameworks";
				PRODUCT_BUNDLE_IDENTIFIER = "JVR.---.swift--Tests";
				PRODUCT_NAME = "$(TARGET_NAME)";
				TEST_HOST = "$(BUILT_PRODUCTS_DIR)/swift练手.app/swift练手";
			};
			name = Release;
		};
		E7DB01EE1CAE0962004A639B /* Debug */ = {
			isa = XCBuildConfiguration;
			buildSettings = {
				INFOPLIST_FILE = "swift练手UITests/Info.plist";
				LD_RUNPATH_SEARCH_PATHS = "$(inherited) @executable_path/Frameworks @loader_path/Frameworks";
				PRODUCT_BUNDLE_IDENTIFIER = "JVR.---.swift--UITests";
				PRODUCT_NAME = "$(TARGET_NAME)";
				TEST_TARGET_NAME = "swift练手";
			};
			name = Debug;
		};
		E7DB01EF1CAE0962004A639B /* Release */ = {
			isa = XCBuildConfiguration;
			buildSettings = {
				INFOPLIST_FILE = "swift练手UITests/Info.plist";
				LD_RUNPATH_SEARCH_PATHS = "$(inherited) @executable_path/Frameworks @loader_path/Frameworks";
				PRODUCT_BUNDLE_IDENTIFIER = "JVR.---.swift--UITests";
				PRODUCT_NAME = "$(TARGET_NAME)";
				TEST_TARGET_NAME = "swift练手";
			};
			name = Release;
		};
/* End XCBuildConfiguration section */

/* Begin XCConfigurationList section */
		E7DB01B71CAE0962004A639B /* Build configuration list for PBXProject "swift练手" */ = {
			isa = XCConfigurationList;
			buildConfigurations = (
				E7DB01E51CAE0962004A639B /* Debug */,
				E7DB01E61CAE0962004A639B /* Release */,
			);
			defaultConfigurationIsVisible = 0;
			defaultConfigurationName = Release;
		};
		E7DB01E71CAE0962004A639B /* Build configuration list for PBXNativeTarget "swift练手" */ = {
			isa = XCConfigurationList;
			buildConfigurations = (
				E7DB01E81CAE0962004A639B /* Debug */,
				E7DB01E91CAE0962004A639B /* Release */,
			);
			defaultConfigurationIsVisible = 0;
		};
		E7DB01EA1CAE0962004A639B /* Build configuration list for PBXNativeTarget "swift练手Tests" */ = {
			isa = XCConfigurationList;
			buildConfigurations = (
				E7DB01EB1CAE0962004A639B /* Debug */,
				E7DB01EC1CAE0962004A639B /* Release */,
			);
			defaultConfigurationIsVisible = 0;
		};
		E7DB01ED1CAE0962004A639B /* Build configuration list for PBXNativeTarget "swift练手UITests" */ = {
			isa = XCConfigurationList;
			buildConfigurations = (
				E7DB01EE1CAE0962004A639B /* Debug */,
				E7DB01EF1CAE0962004A639B /* Release */,
			);
			defaultConfigurationIsVisible = 0;
		};
/* End XCConfigurationList section */

/* Begin XCVersionGroup section */
		E7DB01C61CAE0962004A639B /* swift__.xcdatamodeld */ = {
			isa = XCVersionGroup;
			children = (
				E7DB01C71CAE0962004A639B /* swift__.xcdatamodel */,
			);
			currentVersion = E7DB01C71CAE0962004A639B /* swift__.xcdatamodel */;
			path = swift__.xcdatamodeld;
			sourceTree = "<group>";
			versionGroupType = wrapper.xcdatamodel;
		};
/* End XCVersionGroup section */
	};
	rootObject = E7DB01B41CAE0962004A639B /* Project object */;
}
